
Microsoft Visual Studio Solution File, Format Version 12.00
# Visual Studio Version 17
VisualStudioVersion = 17.4.33213.308
MinimumVisualStudioVersion = 10.0.40219.1
Project("{FAE04EC0-301F-11D3-BF4B-00C04F79EFBC}") = "week15opandfiles", "week15opandfiles\week15opandfiles.csproj", "{A0D16686-064E-443E-890F-2D22EE18DDC0}"
EndProject
Global
	GlobalSection(SolutionConfigurationPlatforms) = preSolution
		Debug|Any CPU = Debug|Any CPU
		Release|Any CPU = Release|Any CPU
	EndGlobalSection
	GlobalSection(ProjectConfigurationPlatforms) = postSolution
		{A0D16686-064E-443E-890F-2D22EE18DDC0}.Debug|Any CPU.ActiveCfg = Debug|Any CPU
		{A0D16686-064E-443E-890F-2D22EE18DDC0}.Debug|Any CPU.Build.0 = Debug|Any CPU
		{A0D16686-064E-443E-890F-2D22EE18DDC0}.Release|Any CPU.ActiveCfg = Release|Any CPU
		{A0D16686-064E-443E-890F-2D22EE18DDC0}.Release|Any CPU.Build.0 = Release|Any CPU
	EndGlobalSection
	GlobalSection(SolutionProperties) = preSolution
		HideSolutionNode = FALSE
	EndGlobalSection
	GlobalSection(ExtensibilityGlobals) = postSolution
		SolutionGuid = {11A40EA9-6F5C-4DA2-9E95-CDC06169C604}
	EndGlobalSection
EndGlobal
